#MicroXplorer Configuration settings - do not modify
CAD.formats=
CAD.pinconfig=
CAD.provider=
CORTEX_M7.IPParameters=default_mode_Activation
CORTEX_M7.default_mode_Activation=1
DCMI.IPParameters=JPEGMode
DCMI.JPEGMode=DCMI_JPEG_DISABLE
FREERTOS.IPParameters=Tasks01
FREERTOS.Tasks01=defaultTask,24,128,StartDefaultTask,Default,NULL,Dynamic,NULL,NULL
File.Version=6
GPIO.groupedBy=Group By Peripherals
I2C2.IPParameters=Timing
I2C2.Timing=0x00706FA8
I2S6.ErrorAudioFreq=0.15 %
I2S6.IPParameters=Instance,RealAudioFreq,ErrorAudioFreq
I2S6.Instance=SPI$Index
I2S6.RealAudioFreq=8.012 KHz
KeepUserPlacement=false
MMTAppRegionsCount=0
MMTConfigApplied=false
Mcu.CPN=STM32H7B0VBT6
Mcu.Family=STM32H7
Mcu.IP0=CORTEX_M7
Mcu.IP1=DCMI
Mcu.IP10=NVIC
Mcu.IP11=OCTOSPI2
Mcu.IP12=RCC
Mcu.IP13=SPI3
Mcu.IP14=SYS
Mcu.IP15=TIM1
Mcu.IP16=TIM14
Mcu.IP17=USB_HOST
Mcu.IP18=USB_OTG_HS
Mcu.IP19=VREFBUF
Mcu.IP2=DEBUG
Mcu.IP3=FREERTOS
Mcu.IP4=HDMI_CEC
Mcu.IP5=I2C2
Mcu.IP6=I2S6
Mcu.IP7=JPEG
Mcu.IP8=LIBJPEG
Mcu.IP9=MEMORYMAP
Mcu.IPNb=20
Mcu.Name=STM32H7B0VBTx
Mcu.Package=LQFP100
Mcu.Pin0=PE2
Mcu.Pin1=PE4
Mcu.Pin10=PA0
Mcu.Pin11=PA1
Mcu.Pin12=PA4
Mcu.Pin13=PA5
Mcu.Pin14=PA6
Mcu.Pin15=PA7
Mcu.Pin16=PC4
Mcu.Pin17=PC5
Mcu.Pin18=PB0
Mcu.Pin19=PB1
Mcu.Pin2=PE5
Mcu.Pin20=PB2
Mcu.Pin21=PE9
Mcu.Pin22=PE10
Mcu.Pin23=PE11
Mcu.Pin24=PE12
Mcu.Pin25=PE13
Mcu.Pin26=PE14
Mcu.Pin27=PE15
Mcu.Pin28=PB10
Mcu.Pin29=PB11
Mcu.Pin3=PE6
Mcu.Pin30=PB12
Mcu.Pin31=PB13
Mcu.Pin32=PB14
Mcu.Pin33=PB15
Mcu.Pin34=PD8
Mcu.Pin35=PD9
Mcu.Pin36=PD10
Mcu.Pin37=PD11
Mcu.Pin38=PD12
Mcu.Pin39=PD13
Mcu.Pin4=PC14-OSC32_IN
Mcu.Pin40=PD14
Mcu.Pin41=PD15
Mcu.Pin42=PC6
Mcu.Pin43=PC8
Mcu.Pin44=PC9
Mcu.Pin45=PA9
Mcu.Pin46=PA10
Mcu.Pin47=PA11
Mcu.Pin48=PA12
Mcu.Pin49=PA13
Mcu.Pin5=PH0-OSC_IN
Mcu.Pin50=PA14
Mcu.Pin51=PA15
Mcu.Pin52=PC10
Mcu.Pin53=PC11
Mcu.Pin54=PC12
Mcu.Pin55=PD0
Mcu.Pin56=PD1
Mcu.Pin57=PD2
Mcu.Pin58=PD3
Mcu.Pin59=PD4
Mcu.Pin6=PC0
Mcu.Pin60=PD5
Mcu.Pin61=PD6
Mcu.Pin62=PD7
Mcu.Pin63=PB3
Mcu.Pin64=PB4
Mcu.Pin65=PB5
Mcu.Pin66=PB6
Mcu.Pin67=PB7
Mcu.Pin68=PB8
Mcu.Pin69=VP_FREERTOS_VS_CMSIS_V2
Mcu.Pin7=PC2_C
Mcu.Pin70=VP_JPEG_VS_JPEG
Mcu.Pin71=VP_LIBJPEG_VS_JPEGLIB
Mcu.Pin72=VP_OCTOSPI2_VS_quad
Mcu.Pin73=VP_SYS_VS_Systick
Mcu.Pin74=VP_TIM1_VS_ClockSourceINT
Mcu.Pin75=VP_TIM14_VS_ClockSourceINT
Mcu.Pin76=VP_USB_HOST_VS_USB_HOST_MSC_HS
Mcu.Pin77=VP_MEMORYMAP_VS_MEMORYMAP
Mcu.Pin8=PC3_C
Mcu.Pin9=VREF+
Mcu.PinsNb=78
Mcu.ThirdPartyNb=0
Mcu.UserConstants=
Mcu.UserName=STM32H7B0VBTx
MxCube.Version=6.12.1
MxDb.Version=DB.6.0.121
NVIC.BusFault_IRQn=true\:0\:0\:false\:false\:true\:false\:false\:false\:false
NVIC.CEC_IRQn=true\:5\:0\:false\:false\:true\:true\:false\:true\:true
NVIC.DCMI_PSSI_IRQn=true\:5\:0\:false\:false\:true\:true\:true\:true\:true
NVIC.DebugMonitor_IRQn=true\:0\:0\:false\:false\:true\:false\:false\:false\:false
NVIC.ForceEnableDMAVector=true
NVIC.HardFault_IRQn=true\:0\:0\:false\:false\:true\:false\:false\:false\:false
NVIC.MemoryManagement_IRQn=true\:0\:0\:false\:false\:true\:false\:false\:false\:false
NVIC.NonMaskableInt_IRQn=true\:0\:0\:false\:false\:true\:false\:false\:true\:false
NVIC.OTG_HS_IRQn=true\:5\:0\:false\:false\:true\:true\:false\:true\:true
NVIC.PendSV_IRQn=true\:15\:0\:false\:false\:false\:true\:false\:false\:false
NVIC.PriorityGroup=NVIC_PRIORITYGROUP_4
NVIC.SVCall_IRQn=true\:0\:0\:false\:false\:false\:false\:false\:false\:false
NVIC.SavedPendsvIrqHandlerGenerated=true
NVIC.SavedSvcallIrqHandlerGenerated=true
NVIC.SavedSystickIrqHandlerGenerated=true
NVIC.SysTick_IRQn=true\:15\:0\:false\:false\:true\:true\:false\:true\:false
NVIC.UsageFault_IRQn=true\:0\:0\:false\:false\:true\:false\:false\:false\:false
PA0.GPIOParameters=GPIO_Label
PA0.GPIO_Label=I2S WS
PA0.Locked=true
PA0.Mode=Half_Duplex_Slave_Rx
PA0.Signal=I2S6_WS
PA1.GPIOParameters=GPIO_Label
PA1.GPIO_Label=QSPI IO3
PA1.Mode=OCTOSPI2_IOL_Port1L
PA1.Signal=OCTOSPIM_P1_IO3
PA10.GPIOParameters=GPIO_Label
PA10.GPIO_Label=YOUT1
PA10.Locked=true
PA10.Mode=Slave_8_bits_Embedded_Synchro
PA10.Signal=DCMI_D1
PA11.GPIOParameters=GPIO_Label
PA11.GPIO_Label=USB DM
PA11.Mode=Host_FS
PA11.Signal=USB_OTG_HS_DM
PA12.GPIOParameters=GPIO_Label
PA12.GPIO_Label=USB DP
PA12.Mode=Host_FS
PA12.Signal=USB_OTG_HS_DP
PA13.GPIOParameters=GPIO_Label
PA13.GPIO_Label=SWDIO
PA13.Mode=Trace_Asynchronous_SW
PA13.Signal=DEBUG_JTMS-SWDIO
PA14.GPIOParameters=GPIO_Label
PA14.GPIO_Label=SWCLK
PA14.Mode=Trace_Asynchronous_SW
PA14.Signal=DEBUG_JTCK-SWCLK
PA15.GPIOParameters=GPIO_Label
PA15.GPIO_Label=HDMI CE
PA15.Mode=CEC_Activate
PA15.Signal=CEC
PA4.GPIOParameters=GPIO_Label
PA4.GPIO_Label=DAC nCS
PA4.Locked=true
PA4.Signal=GPIO_Output
PA5.GPIOParameters=GPIO_Label
PA5.GPIO_Label=I2S SCK
PA5.Mode=Half_Duplex_Slave_Rx
PA5.Signal=I2S6_CK
PA6.GPIOParameters=GPIO_Label
PA6.GPIO_Label=CAM CLK
PA6.Mode=Slave_8_bits_Embedded_Synchro
PA6.Signal=DCMI_PIXCLK
PA7.GPIOParameters=GPIO_Label
PA7.GPIO_Label=RAM CLK
PA7.Locked=true
PA7.Signal=S_TIM14_CH1
PA9.GPIOParameters=GPIO_Label
PA9.GPIO_Label=USB VBUS
PA9.Mode=Activate_VBUS_FS
PA9.Signal=USB_OTG_HS_VBUS
PB0.GPIOParameters=GPIO_Label
PB0.GPIO_Label=QSPI IO1
PB0.Mode=OCTOSPI2_IOL_Port1L
PB0.Signal=OCTOSPIM_P1_IO1
PB1.GPIOParameters=GPIO_Label
PB1.GPIO_Label=QSPI IO0
PB1.Locked=true
PB1.Mode=OCTOSPI2_IOL_Port1L
PB1.Signal=OCTOSPIM_P1_IO0
PB10.GPIOParameters=GPIO_Label
PB10.GPIO_Label=I2S SCL
PB10.Locked=true
PB10.Mode=I2C
PB10.Signal=I2C2_SCL
PB11.GPIOParameters=GPIO_Label
PB11.GPIO_Label=I2C SDA
PB11.Mode=I2C
PB11.Signal=I2C2_SDA
PB12.GPIOParameters=GPIO_Label
PB12.GPIO_Label=I2S MCLK CTRL
PB12.Locked=true
PB12.Signal=GPIO_Output
PB13.GPIOParameters=GPIO_Label
PB13.GPIO_Label=YOUT2
PB13.Locked=true
PB13.Mode=Slave_8_bits_Embedded_Synchro
PB13.Signal=DCMI_D2
PB14.GPIOParameters=GPIO_Label
PB14.GPIO_Label=HDMI INT
PB14.Locked=true
PB14.Signal=GPXTI14
PB15.GPIOParameters=GPIO_Label,GPIO_ModeDefaultEXTI
PB15.GPIO_Label=nREC
PB15.GPIO_ModeDefaultEXTI=GPIO_MODE_IT_FALLING
PB15.Locked=true
PB15.Signal=GPXTI15
PB2.GPIOParameters=GPIO_Label
PB2.GPIO_Label=QSPI CLK
PB2.Locked=true
PB2.Mode=O2_P1_CLK
PB2.Signal=OCTOSPIM_P1_CLK
PB3.GPIOParameters=GPIO_Label
PB3.GPIO_Label=SWO
PB3.Mode=Trace_Asynchronous_SW
PB3.Signal=DEBUG_JTDO-SWO
PB4.GPIOParameters=GPIO_Label
PB4.GPIO_Label=I2S SD
PB4.Locked=true
PB4.Mode=Half_Duplex_Slave_Rx
PB4.Signal=I2S6_SDI
PB5.GPIOParameters=GPIO_Label
PB5.GPIO_Label=OSD A2
PB5.Locked=true
PB5.Signal=GPIO_Output
PB6.GPIOParameters=GPIO_Label
PB6.GPIO_Label=OSD A1
PB6.Locked=true
PB6.Signal=GPIO_Output
PB7.GPIOParameters=GPIO_Label
PB7.GPIO_Label=OSD A0
PB7.Locked=true
PB7.Signal=GPIO_Output
PB8.GPIOParameters=GPIO_Label
PB8.GPIO_Label=OSD EN
PB8.Locked=true
PB8.Signal=GPIO_Output
PC0.GPIOParameters=GPIO_PuPd,GPIO_Label
PC0.GPIO_Label=DIP 1
PC0.GPIO_PuPd=GPIO_PULLDOWN
PC0.Locked=true
PC0.Signal=GPIO_Input
PC10.GPIOParameters=GPIO_Label
PC10.GPIO_Label=DAC CLK
PC10.Mode=TX_Only_Simplex_Unidirect_Master
PC10.Signal=SPI3_SCK
PC11.GPIOParameters=GPIO_PuPd,GPIO_Label
PC11.GPIO_Label=DIP 2
PC11.GPIO_PuPd=GPIO_PULLDOWN
PC11.Locked=true
PC11.Signal=GPIO_Input
PC12.GPIOParameters=GPIO_Label
PC12.GPIO_Label=DAC MOSI
PC12.Locked=true
PC12.Mode=TX_Only_Simplex_Unidirect_Master
PC12.Signal=SPI3_MOSI
PC14-OSC32_IN.GPIOParameters=GPIO_Label
PC14-OSC32_IN.GPIO_Label=LSE OSC
PC14-OSC32_IN.Locked=true
PC14-OSC32_IN.Mode=LSE-External-Clock-Source
PC14-OSC32_IN.Signal=RCC_OSC32_IN
PC2_C.GPIOParameters=GPIO_PuPd,GPIO_Label
PC2_C.GPIO_Label=DIP 3
PC2_C.GPIO_PuPd=GPIO_PULLDOWN
PC2_C.Locked=true
PC2_C.Signal=GPIO_Input
PC3_C.GPIOParameters=GPIO_PuPd,GPIO_Label
PC3_C.GPIO_Label=DIP 4
PC3_C.GPIO_PuPd=GPIO_PULLDOWN
PC3_C.Locked=true
PC3_C.Signal=GPIO_Input
PC4.GPIOParameters=GPIO_PuPd,GPIO_Label
PC4.GPIO_Label=DIP 5
PC4.GPIO_PuPd=GPIO_PULLDOWN
PC4.Locked=true
PC4.Signal=GPIO_Input
PC5.GPIOParameters=GPIO_PuPd,GPIO_Label
PC5.GPIO_Label=DIP 6
PC5.GPIO_PuPd=GPIO_PULLDOWN
PC5.Locked=true
PC5.Signal=GPIO_Input
PC6.GPIOParameters=GPIO_Label
PC6.GPIO_Label=YOUT0
PC6.Mode=Slave_8_bits_Embedded_Synchro
PC6.Signal=DCMI_D0
PC8.GPIOParameters=GPIO_Label
PC8.GPIO_Label=ADDR IN
PC8.Locked=true
PC8.Signal=GPIO_Output
PC9.GPIOParameters=GPIO_Label
PC9.GPIO_Label=YOUT3
PC9.Locked=true
PC9.Mode=Slave_8_bits_Embedded_Synchro
PC9.Signal=DCMI_D3
PD0.GPIOParameters=GPIO_PuPd,GPIO_Label
PD0.GPIO_Label=RAM nPD
PD0.GPIO_PuPd=GPIO_PULLUP
PD0.Locked=true
PD0.Signal=GPIO_Output
PD1.GPIOParameters=GPIO_PuPd,GPIO_Label
PD1.GPIO_Label=CAM PD
PD1.GPIO_PuPd=GPIO_PULLDOWN
PD1.Locked=true
PD1.Signal=GPIO_Output
PD10.GPIOParameters=GPIO_Label
PD10.GPIO_Label=LED B
PD10.Locked=true
PD10.Signal=GPIO_Output
PD11.GPIOParameters=GPIO_PuPd,GPIO_Label
PD11.GPIO_Label=ADDR nOE
PD11.GPIO_PuPd=GPIO_PULLUP
PD11.Locked=true
PD11.Signal=GPIO_Output
PD12.GPIOParameters=GPIO_PuPd,GPIO_Label
PD12.GPIO_Label=DATA nOE
PD12.GPIO_PuPd=GPIO_PULLUP
PD12.Locked=true
PD12.Signal=GPIO_Output
PD13.GPIOParameters=GPIO_Label
PD13.GPIO_Label=DATA CLK
PD13.Locked=true
PD13.Signal=GPIO_Output
PD14.GPIOParameters=GPIO_Label
PD14.GPIO_Label=DATA IN
PD14.Locked=true
PD14.Signal=GPIO_Output
PD15.GPIOParameters=GPIO_Label
PD15.GPIO_Label=ADDR CLK
PD15.Locked=true
PD15.Signal=GPIO_Output
PD2.GPIOParameters=GPIO_PuPd,GPIO_Label
PD2.GPIO_Label=SR nCLR
PD2.GPIO_PuPd=GPIO_PULLUP
PD2.Locked=true
PD2.Signal=GPIO_Output
PD3.GPIOParameters=GPIO_Label
PD3.GPIO_Label=YOUT5
PD3.Mode=Slave_8_bits_Embedded_Synchro
PD3.Signal=DCMI_D5
PD4.GPIOParameters=GPIO_PuPd,GPIO_Label
PD4.GPIO_Label=RAM nDQM
PD4.GPIO_PuPd=GPIO_PULLUP
PD4.Locked=true
PD4.Signal=GPIO_Output
PD5.GPIOParameters=GPIO_Label
PD5.GPIO_Label=RAM nWE
PD5.Locked=true
PD5.Signal=GPIO_Output
PD6.GPIOParameters=GPIO_PuPd,GPIO_Label
PD6.GPIO_Label=RAM nCAS
PD6.GPIO_PuPd=GPIO_PULLUP
PD6.Locked=true
PD6.Signal=GPIO_Output
PD7.GPIOParameters=GPIO_PuPd,GPIO_Label
PD7.GPIO_Label=RAM nRAS
PD7.GPIO_PuPd=GPIO_PULLUP
PD7.Locked=true
PD7.Signal=GPIO_Output
PD8.GPIOParameters=GPIO_Label
PD8.GPIO_Label=LED R
PD8.Locked=true
PD8.Signal=GPIO_Output
PD9.GPIOParameters=GPIO_Label
PD9.GPIO_Label=LED G
PD9.Locked=true
PD9.Signal=GPIO_Output
PE10.GPIOParameters=GPIO_Label
PE10.GPIO_Label=EEPROM nWC
PE10.Locked=true
PE10.Signal=GPIO_Output
PE11.GPIOParameters=GPIO_Label
PE11.GPIO_Label=QSPI nCS
PE11.Locked=true
PE11.Signal=GPIO_Output
PE12.GPIOParameters=GPIO_PuPd,GPIO_Label
PE12.GPIO_Label=DIP 7
PE12.GPIO_PuPd=GPIO_PULLDOWN
PE12.Locked=true
PE12.Signal=GPIO_Input
PE13.GPIOParameters=GPIO_PuPd,GPIO_Label
PE13.GPIO_Label=DIP 8
PE13.GPIO_PuPd=GPIO_PULLDOWN
PE13.Locked=true
PE13.Signal=GPIO_Input
PE14.GPIOParameters=GPIO_PuPd,GPIO_Label
PE14.GPIO_Label=DIP 9
PE14.GPIO_PuPd=GPIO_PULLDOWN
PE14.Locked=true
PE14.Signal=GPIO_Input
PE15.GPIOParameters=GPIO_PuPd,GPIO_Label
PE15.GPIO_Label=DIP 10
PE15.GPIO_PuPd=GPIO_PULLDOWN
PE15.Locked=true
PE15.Signal=GPIO_Input
PE2.GPIOParameters=GPIO_Label
PE2.GPIO_Label=QSPI IO2
PE2.Locked=true
PE2.Mode=OCTOSPI2_IOL_Port1L
PE2.Signal=OCTOSPIM_P1_IO2
PE4.GPIOParameters=GPIO_Label
PE4.GPIO_Label=YOUT4
PE4.Mode=Slave_8_bits_Embedded_Synchro
PE4.Signal=DCMI_D4
PE5.GPIOParameters=GPIO_Label
PE5.GPIO_Label=YOUT6
PE5.Mode=Slave_8_bits_Embedded_Synchro
PE5.Signal=DCMI_D6
PE6.GPIOParameters=GPIO_Label
PE6.GPIO_Label=YOUT7
PE6.Locked=true
PE6.Mode=Slave_8_bits_Embedded_Synchro
PE6.Signal=DCMI_D7
PE9.GPIOParameters=GPIO_Label
PE9.GPIO_Label=HDMI CLK
PE9.Locked=true
PE9.Signal=S_TIM1_CH1
PH0-OSC_IN.GPIOParameters=GPIO_Label
PH0-OSC_IN.GPIO_Label=HSE OSC
PH0-OSC_IN.Locked=true
PH0-OSC_IN.Mode=HSE-External-Clock-Source
PH0-OSC_IN.Signal=RCC_OSC_IN
PinOutPanel.RotationAngle=0
ProjectManager.AskForMigrate=true
ProjectManager.BackupPrevious=false
ProjectManager.CompilerOptimize=6
ProjectManager.ComputerToolchain=false
ProjectManager.CoupleFile=false
ProjectManager.CustomerFirmwarePackage=
ProjectManager.DefaultFWLocation=true
ProjectManager.DeletePrevious=true
ProjectManager.DeviceId=STM32H7B0VBTx
ProjectManager.FirmwarePackage=STM32Cube FW_H7 V1.11.2
ProjectManager.FreePins=false
ProjectManager.HalAssertFull=false
ProjectManager.HeapSize=0x200
ProjectManager.KeepUserCode=true
ProjectManager.LastFirmware=true
ProjectManager.LibraryCopy=1
ProjectManager.MainLocation=Core/Src
ProjectManager.NoMain=false
ProjectManager.PreviousToolchain=
ProjectManager.ProjectBuild=false
ProjectManager.ProjectFileName=Camera.ioc
ProjectManager.ProjectName=Camera
ProjectManager.ProjectStructure=
ProjectManager.RegisterCallBack=
ProjectManager.StackSize=0x400
ProjectManager.TargetToolchain=STM32CubeIDE
ProjectManager.ToolChainLocation=
ProjectManager.UAScriptAfterPath=
ProjectManager.UAScriptBeforePath=
ProjectManager.UnderRoot=true
ProjectManager.functionlistsort=1-SystemClock_Config-RCC-false-HAL-false,2-MX_GPIO_Init-GPIO-false-HAL-true,3-MX_I2S6_Init-I2S6-false-HAL-true,4-MX_OCTOSPI2_Init-OCTOSPI2-false-HAL-true,5-MX_LIBJPEG_Init-LIBJPEG-false-HAL-false,6-MX_USB_HOST_Init-USB_HOST-false-HAL-false,0-MX_CORTEX_M7_Init-CORTEX_M7-false-HAL-true,0-MX_VREFBUF_Init-VREFBUF-false-HAL-true
RCC.ADCFreq_Value=100781250
RCC.AHB12Freq_Value=50000000
RCC.AHB4Freq_Value=50000000
RCC.APB1Freq_Value=50000000
RCC.APB2Freq_Value=50000000
RCC.APB3Freq_Value=50000000
RCC.APB4Freq_Value=50000000
RCC.AXIClockFreq_Value=50000000
RCC.CDCPREFreq_Value=50000000
RCC.CECFreq_Value=32000
RCC.CKPERFreq_Value=64000000
RCC.CortexFreq_Value=50000000
RCC.CpuClockFreq_Value=50000000
RCC.DAC1Freq_Value=32000
RCC.DAC2Freq_Value=32000
RCC.DFSDM2ACLkFreq_Value=50000000
RCC.DFSDM2Freq_Value=50000000
RCC.DFSDMACLkFreq_Value=67187500
RCC.DFSDMFreq_Value=50000000
RCC.DIVP1Freq_Value=100781250
RCC.DIVP2Freq_Value=100781250
RCC.DIVP3Freq_Value=100781250
RCC.DIVQ1=3
RCC.DIVQ1Freq_Value=67187500
RCC.DIVQ2Freq_Value=100781250
RCC.DIVQ3=5
RCC.DIVQ3Freq_Value=40312500
RCC.DIVR1Freq_Value=100781250
RCC.DIVR2Freq_Value=100781250
RCC.DIVR3=7
RCC.DIVR3Freq_Value=28794642.85714286
RCC.EnbaleCSS=true
RCC.FDCANFreq_Value=67187500
RCC.FMCFreq_Value=50000000
RCC.FamilyName=M
RCC.HCLK3ClockFreq_Value=50000000
RCC.HCLKFreq_Value=50000000
RCC.HSE_VALUE=50000000
RCC.I2C123CLockSelection=RCC_I2C123CLKSOURCE_PLL3
RCC.I2C123Freq_Value=28794642.85714286
RCC.I2C4Freq_Value=50000000
RCC.IPParameters=ADCFreq_Value,AHB12Freq_Value,AHB4Freq_Value,APB1Freq_Value,APB2Freq_Value,APB3Freq_Value,APB4Freq_Value,AXIClockFreq_Value,CDCPREFreq_Value,CECFreq_Value,CKPERFreq_Value,CortexFreq_Value,CpuClockFreq_Value,DAC1Freq_Value,DAC2Freq_Value,DFSDM2ACLkFreq_Value,DFSDM2Freq_Value,DFSDMACLkFreq_Value,DFSDMFreq_Value,DIVP1Freq_Value,DIVP2Freq_Value,DIVP3Freq_Value,DIVQ1,DIVQ1Freq_Value,DIVQ2Freq_Value,DIVQ3,DIVQ3Freq_Value,DIVR1Freq_Value,DIVR2Freq_Value,DIVR3,DIVR3Freq_Value,EnbaleCSS,FDCANFreq_Value,FMCFreq_Value,FamilyName,HCLK3ClockFreq_Value,HCLKFreq_Value,HSE_VALUE,I2C123CLockSelection,I2C123Freq_Value,I2C4Freq_Value,LPTIM1Freq_Value,LPTIM2Freq_Value,LPTIM345Freq_Value,LPUART1Freq_Value,LTDCFreq_Value,MCO1PinFreq_Value,MCO2PinFreq_Value,QSPIFreq_Value,RNGFreq_Value,RTCFreq_Value,SAI1Freq_Value,SAI2AFreq_Value,SAI2BFreq_Value,SDMMCFreq_Value,SPDIFRXFreq_Value,SPI123Freq_Value,SPI45Freq_Value,SPI6Freq_Value,SWPMI1Freq_Value,SYSCLKFreq_VALUE,SYSCLKSource,Tim1OutputFreq_Value,Tim2OutputFreq_Value,TraceFreq_Value,USART16Freq_Value,USART234578Freq_Value,USBCLockSelection,USBFreq_Value,VCO1OutputFreq_Value,VCO2OutputFreq_Value,VCO3OutputFreq_Value,VCOInput1Freq_Value,VCOInput2Freq_Value,VCOInput3Freq_Value
RCC.LPTIM1Freq_Value=50000000
RCC.LPTIM2Freq_Value=50000000
RCC.LPTIM345Freq_Value=50000000
RCC.LPUART1Freq_Value=50000000
RCC.LTDCFreq_Value=28794642.85714286
RCC.MCO1PinFreq_Value=64000000
RCC.MCO2PinFreq_Value=50000000
RCC.QSPIFreq_Value=50000000
RCC.RNGFreq_Value=48000000
RCC.RTCFreq_Value=32000
RCC.SAI1Freq_Value=67187500
RCC.SAI2AFreq_Value=67187500
RCC.SAI2BFreq_Value=67187500
RCC.SDMMCFreq_Value=67187500
RCC.SPDIFRXFreq_Value=67187500
RCC.SPI123Freq_Value=67187500
RCC.SPI45Freq_Value=50000000
RCC.SPI6Freq_Value=50000000
RCC.SWPMI1Freq_Value=50000000
RCC.SYSCLKFreq_VALUE=50000000
RCC.SYSCLKSource=RCC_SYSCLKSOURCE_HSE
RCC.Tim1OutputFreq_Value=50000000
RCC.Tim2OutputFreq_Value=50000000
RCC.TraceFreq_Value=50000000
RCC.USART16Freq_Value=50000000
RCC.USART234578Freq_Value=50000000
RCC.USBCLockSelection=RCC_USBCLKSOURCE_PLL3
RCC.USBFreq_Value=40312500
RCC.VCO1OutputFreq_Value=201562500
RCC.VCO2OutputFreq_Value=201562500
RCC.VCO3OutputFreq_Value=201562500
RCC.VCOInput1Freq_Value=1562500
RCC.VCOInput2Freq_Value=1562500
RCC.VCOInput3Freq_Value=1562500
SH.GPXTI14.0=GPIO_EXTI14
SH.GPXTI14.ConfNb=1
SH.GPXTI15.0=GPIO_EXTI15
SH.GPXTI15.ConfNb=1
SH.S_TIM14_CH1.0=TIM14_CH1,Forced Output1 CH1
SH.S_TIM14_CH1.ConfNb=1
SH.S_TIM1_CH1.0=TIM1_CH1,PWM Generation1 CH1
SH.S_TIM1_CH1.ConfNb=1
SPI3.CalculateBaudRate=33.593754 MBits/s
SPI3.Direction=SPI_DIRECTION_2LINES_TXONLY
SPI3.IPParameters=VirtualType,Mode,Direction,CalculateBaudRate
SPI3.Mode=SPI_MODE_MASTER
SPI3.VirtualType=VM_MASTER
TIM1.Channel-PWM\ Generation1\ CH1=TIM_CHANNEL_1
TIM1.IPParameters=Channel-PWM Generation1 CH1
TIM14.Channel=TIM_CHANNEL_1
TIM14.IPParameters=Channel
USB_HOST.IPParameters=VirtualModeHS,USBH_HandleTypeDef
USB_HOST.USBH_HandleTypeDef=hUsbHostHS
USB_HOST.VirtualModeHS=Msc
USB_OTG_HS.IPParameters=VirtualMode-Host_FS,dma_enable-Host_FS
USB_OTG_HS.VirtualMode-Host_FS=Host_FS
USB_OTG_HS.dma_enable-Host_FS=ENABLE
VP_FREERTOS_VS_CMSIS_V2.Mode=CMSIS_V2
VP_FREERTOS_VS_CMSIS_V2.Signal=FREERTOS_VS_CMSIS_V2
VP_JPEG_VS_JPEG.Mode=JPEG_Activate
VP_JPEG_VS_JPEG.Signal=JPEG_VS_JPEG
VP_LIBJPEG_VS_JPEGLIB.Mode=Enabled
VP_LIBJPEG_VS_JPEGLIB.Signal=LIBJPEG_VS_JPEGLIB
VP_MEMORYMAP_VS_MEMORYMAP.Mode=CurAppReg
VP_MEMORYMAP_VS_MEMORYMAP.Signal=MEMORYMAP_VS_MEMORYMAP
VP_OCTOSPI2_VS_quad.Mode=quad_mode
VP_OCTOSPI2_VS_quad.Signal=OCTOSPI2_VS_quad
VP_SYS_VS_Systick.Mode=SysTick
VP_SYS_VS_Systick.Signal=SYS_VS_Systick
VP_TIM14_VS_ClockSourceINT.Mode=Enable_Timer
VP_TIM14_VS_ClockSourceINT.Signal=TIM14_VS_ClockSourceINT
VP_TIM1_VS_ClockSourceINT.Mode=Internal
VP_TIM1_VS_ClockSourceINT.Signal=TIM1_VS_ClockSourceINT
VP_USB_HOST_VS_USB_HOST_MSC_HS.Mode=MSC_HS
VP_USB_HOST_VS_USB_HOST_MSC_HS.Signal=USB_HOST_VS_USB_HOST_MSC_HS
VREF+.Mode=InternalMode
VREF+.Signal=VREFBUF_OUT
board=custom
isbadioc=false
